
Microsoft Visual Studio Solution File, Format Version 12.00
# Visual Studio Version 16
VisualStudioVersion = 25.0.1703.2
MinimumVisualStudioVersion = 10.0.40219.1
Project("{FAE04EC0-301F-11D3-BF4B-00C04F79EFBC}") = "DapperClass", "DapperClass\DapperClass.csproj", "{91F7D252-36A2-4955-974A-2752A5CBD15B}"
EndProject
Global
	GlobalSection(SolutionConfigurationPlatforms) = preSolution
		Debug|Any CPU = Debug|Any CPU
		Release|Any CPU = Release|Any CPU
	EndGlobalSection
	GlobalSection(ProjectConfigurationPlatforms) = postSolution
		{91F7D252-36A2-4955-974A-2752A5CBD15B}.Debug|Any CPU.ActiveCfg = Debug|Any CPU
		{91F7D252-36A2-4955-974A-2752A5CBD15B}.Debug|Any CPU.Build.0 = Debug|Any CPU
		{91F7D252-36A2-4955-974A-2752A5CBD15B}.Release|Any CPU.ActiveCfg = Release|Any CPU
		{91F7D252-36A2-4955-974A-2752A5CBD15B}.Release|Any CPU.Build.0 = Release|Any CPU
	EndGlobalSection
	GlobalSection(SolutionProperties) = preSolution
		HideSolutionNode = FALSE
	EndGlobalSection
	GlobalSection(ExtensibilityGlobals) = postSolution
		SolutionGuid = {8CBFDDAF-305E-46BB-8F04-40B89E768565}
	EndGlobalSection
EndGlobal
